
Microsoft Visual Studio Solution File, Format Version 12.00
# Visual Studio 15
VisualStudioVersion = 15.0.26228.9
MinimumVisualStudioVersion = 10.0.40219.1
Project("{FAE04EC0-301F-11D3-BF4B-00C04F79EFBC}") = "PlexFormatter", "PlexFormatter.csproj", "{8CB464F9-EC31-46D7-86EE-BCCCBF7DCBE2}"
EndProject
Project("{FAE04EC0-301F-11D3-BF4B-00C04F79EFBC}") = "PlexFormatterTests", "..\PlexFormatterTests\PlexFormatterTests.csproj", "{11775CEB-9AE7-45B9-B95D-92BF1BD0EC46}"
EndProject
Project("{FAE04EC0-301F-11D3-BF4B-00C04F79EFBC}") = "Importer", "..\Importer\Importer.csproj", "{4D9734BA-82E4-4E13-ACC9-EFCB5013D15B}"
EndProject
Global
	GlobalSection(SolutionConfigurationPlatforms) = preSolution
		Debug|Any CPU = Debug|Any CPU
		Release|Any CPU = Release|Any CPU
	EndGlobalSection
	GlobalSection(ProjectConfigurationPlatforms) = postSolution
		{8CB464F9-EC31-46D7-86EE-BCCCBF7DCBE2}.Debug|Any CPU.ActiveCfg = Debug|Any CPU
		{8CB464F9-EC31-46D7-86EE-BCCCBF7DCBE2}.Debug|Any CPU.Build.0 = Debug|Any CPU
		{8CB464F9-EC31-46D7-86EE-BCCCBF7DCBE2}.Release|Any CPU.ActiveCfg = Release|Any CPU
		{8CB464F9-EC31-46D7-86EE-BCCCBF7DCBE2}.Release|Any CPU.Build.0 = Release|Any CPU
		{11775CEB-9AE7-45B9-B95D-92BF1BD0EC46}.Debug|Any CPU.ActiveCfg = Debug|Any CPU
		{11775CEB-9AE7-45B9-B95D-92BF1BD0EC46}.Debug|Any CPU.Build.0 = Debug|Any CPU
		{11775CEB-9AE7-45B9-B95D-92BF1BD0EC46}.Release|Any CPU.ActiveCfg = Release|Any CPU
		{11775CEB-9AE7-45B9-B95D-92BF1BD0EC46}.Release|Any CPU.Build.0 = Release|Any CPU
		{4D9734BA-82E4-4E13-ACC9-EFCB5013D15B}.Debug|Any CPU.ActiveCfg = Debug|Any CPU
		{4D9734BA-82E4-4E13-ACC9-EFCB5013D15B}.Debug|Any CPU.Build.0 = Debug|Any CPU
		{4D9734BA-82E4-4E13-ACC9-EFCB5013D15B}.Release|Any CPU.ActiveCfg = Release|Any CPU
		{4D9734BA-82E4-4E13-ACC9-EFCB5013D15B}.Release|Any CPU.Build.0 = Release|Any CPU
	EndGlobalSection
	GlobalSection(SolutionProperties) = preSolution
		HideSolutionNode = FALSE
	EndGlobalSection
EndGlobal
